// !$*UTF8*$!
{
	archiveVersion = 1;
	classes = {
	};
	objectVersion = 46;
	objects = {

/* Begin PBXBuildFile section */
		9C14D59D1D1A359900D5446C /* AirVMManager.m in Sources */ = {isa = PBXBuildFile; fileRef = 9C14D5921D1A359900D5446C /* AirVMManager.m */; };
		9C14D59E1D1A359900D5446C /* BSBonjourConnection.m in Sources */ = {isa = PBXBuildFile; fileRef = 9C14D5951D1A359900D5446C /* BSBonjourConnection.m */; };
		9C14D59F1D1A359900D5446C /* BSBonjourServer.m in Sources */ = {isa = PBXBuildFile; fileRef = 9C14D5971D1A359900D5446C /* BSBonjourServer.m */; };
		9C14D5A01D1A359900D5446C /* BSBonjourClient.m in Sources */ = {isa = PBXBuildFile; fileRef = 9C14D5991D1A359900D5446C /* BSBonjourClient.m */; };
		9C14D5A11D1A359900D5446C /* Info.plist in Resources */ = {isa = PBXBuildFile; fileRef = 9C14D59A1D1A359900D5446C /* Info.plist */; };
		9C31F5251D19264F002E1737 /* AirVMWindowController.m in Sources */ = {isa = PBXBuildFile; fileRef = 9C31F5241D19264F002E1737 /* AirVMWindowController.m */; };
		9C31F52E1D19267D002E1737 /* Extensions in Resources */ = {isa = PBXBuildFile; fileRef = 9C31F5281D19267D002E1737 /* Extensions */; };
		9C31F52F1D19267D002E1737 /* INAppStoreWindow.m in Sources */ = {isa = PBXBuildFile; fileRef = 9C31F52A1D19267D002E1737 /* INAppStoreWindow.m */; };
		9C31F5301D19267D002E1737 /* INWindowButton.m in Sources */ = {isa = PBXBuildFile; fileRef = 9C31F52D1D19267D002E1737 /* INWindowButton.m */; };
		9C31F5331D1928B3002E1737 /* WAYAppStoreWindow.m in Sources */ = {isa = PBXBuildFile; fileRef = 9C31F5321D1928B3002E1737 /* WAYAppStoreWindow.m */; };
		9C31F5361D1928F3002E1737 /* WAYWindow.m in Sources */ = {isa = PBXBuildFile; fileRef = 9C31F5351D1928F3002E1737 /* WAYWindow.m */; };
		9C31F53A1D1934E7002E1737 /* AirVMTitleBarViewController.m in Sources */ = {isa = PBXBuildFile; fileRef = 9C31F5381D1934E7002E1737 /* AirVMTitleBarViewController.m */; };
		9C31F53B1D1934E7002E1737 /* AirVMTitleBarViewController.xib in Resources */ = {isa = PBXBuildFile; fileRef = 9C31F5391D1934E7002E1737 /* AirVMTitleBarViewController.xib */; };
		9C31F53D1D1938B1002E1737 /* refresh.png in Resources */ = {isa = PBXBuildFile; fileRef = 9C31F53C1D1938B1002E1737 /* refresh.png */; };
		9C31F5431D1942DD002E1737 /* service_off.png in Resources */ = {isa = PBXBuildFile; fileRef = 9C31F5421D1942DD002E1737 /* service_off.png */; };
		9C31F5451D1942E7002E1737 /* service_on.png in Resources */ = {isa = PBXBuildFile; fileRef = 9C31F5441D1942E7002E1737 /* service_on.png */; };
		9C31F5541D1A0F98002E1737 /* ConfirmToShareViewController.m in Sources */ = {isa = PBXBuildFile; fileRef = 9C31F5521D1A0F98002E1737 /* ConfirmToShareViewController.m */; };
		9C31F5551D1A0F98002E1737 /* ConfirmToShareViewController.xib in Resources */ = {isa = PBXBuildFile; fileRef = 9C31F5531D1A0F98002E1737 /* ConfirmToShareViewController.xib */; };
		E8DC97801D17E74200F37D55 /* AppDelegate.m in Sources */ = {isa = PBXBuildFile; fileRef = E8DC977F1D17E74200F37D55 /* AppDelegate.m */; };
		E8DC97831D17E74200F37D55 /* main.m in Sources */ = {isa = PBXBuildFile; fileRef = E8DC97821D17E74200F37D55 /* main.m */; };
		E8DC97861D17E74200F37D55 /* ViewController.m in Sources */ = {isa = PBXBuildFile; fileRef = E8DC97851D17E74200F37D55 /* ViewController.m */; };
		E8DC97881D17E74200F37D55 /* Assets.xcassets in Resources */ = {isa = PBXBuildFile; fileRef = E8DC97871D17E74200F37D55 /* Assets.xcassets */; };
		E8DC97961D17E74200F37D55 /* AirVMTests.m in Sources */ = {isa = PBXBuildFile; fileRef = E8DC97951D17E74200F37D55 /* AirVMTests.m */; };
		E8DC97A11D17E74200F37D55 /* AirVMUITests.m in Sources */ = {isa = PBXBuildFile; fileRef = E8DC97A01D17E74200F37D55 /* AirVMUITests.m */; };
		E8DC97D01D17E8D200F37D55 /* AirVMViewController.m in Sources */ = {isa = PBXBuildFile; fileRef = E8DC97BB1D17E8D200F37D55 /* AirVMViewController.m */; };
		E8DC97D11D17E8D200F37D55 /* BJPublishActionButtonEnableTransformer.m in Sources */ = {isa = PBXBuildFile; fileRef = E8DC97BD1D17E8D200F37D55 /* BJPublishActionButtonEnableTransformer.m */; };
		E8DC97D21D17E8D200F37D55 /* BJPublishActionButtonTransformer.m in Sources */ = {isa = PBXBuildFile; fileRef = E8DC97BF1D17E8D200F37D55 /* BJPublishActionButtonTransformer.m */; };
		E8DC97D31D17E8D200F37D55 /* Bonjour-OSX.entitlements in Resources */ = {isa = PBXBuildFile; fileRef = E8DC97C01D17E8D200F37D55 /* Bonjour-OSX.entitlements */; };
		E8DC97D41D17E8D200F37D55 /* Main.storyboard in Resources */ = {isa = PBXBuildFile; fileRef = E8DC97C11D17E8D200F37D55 /* Main.storyboard */; };
		E8DC97D51D17E8D200F37D55 /* OpenSharedVMViewController.m in Sources */ = {isa = PBXBuildFile; fileRef = E8DC97C31D17E8D200F37D55 /* OpenSharedVMViewController.m */; };
		E8DC97D61D17E8D200F37D55 /* OpenSharedVMViewController.xib in Resources */ = {isa = PBXBuildFile; fileRef = E8DC97C41D17E8D200F37D55 /* OpenSharedVMViewController.xib */; };
		E8DC97D71D17E8D200F37D55 /* Person.m in Sources */ = {isa = PBXBuildFile; fileRef = E8DC97C61D17E8D200F37D55 /* Person.m */; };
		E8DC97D81D17E8D200F37D55 /* PersonClusterView.m in Sources */ = {isa = PBXBuildFile; fileRef = E8DC97C81D17E8D200F37D55 /* PersonClusterView.m */; };
		E8DC97D91D17E8D200F37D55 /* PersonView.m in Sources */ = {isa = PBXBuildFile; fileRef = E8DC97CA1D17E8D200F37D55 /* PersonView.m */; };
		E8DC97DA1D17E8D200F37D55 /* PersonViewController.m in Sources */ = {isa = PBXBuildFile; fileRef = E8DC97CC1D17E8D200F37D55 /* PersonViewController.m */; };
		E8DC97DB1D17E8D200F37D55 /* PersonViewController.xib in Resources */ = {isa = PBXBuildFile; fileRef = E8DC97CD1D17E8D200F37D55 /* PersonViewController.xib */; };
		E8DC97DC1D17E8D200F37D55 /* SharedVM.m in Sources */ = {isa = PBXBuildFile; fileRef = E8DC97CF1D17E8D200F37D55 /* SharedVM.m */; };
/* End PBXBuildFile section */

/* Begin PBXContainerItemProxy section */
		E8DC97921D17E74200F37D55 /* PBXContainerItemProxy */ = {
			isa = PBXContainerItemProxy;
			containerPortal = E8DC97731D17E74200F37D55 /* Project object */;
			proxyType = 1;
			remoteGlobalIDString = E8DC977A1D17E74200F37D55;
			remoteInfo = AirVM;
		};
		E8DC979D1D17E74200F37D55 /* PBXContainerItemProxy */ = {
			isa = PBXContainerItemProxy;
			containerPortal = E8DC97731D17E74200F37D55 /* Project object */;
			proxyType = 1;
			remoteGlobalIDString = E8DC977A1D17E74200F37D55;
			remoteInfo = AirVM;
		};
/* End PBXContainerItemProxy section */

/* Begin PBXFileReference section */
		9C14D5911D1A359900D5446C /* AirVMManager.h */ = {isa = PBXFileReference; fileEncoding = 4; lastKnownFileType = sourcecode.c.h; path = AirVMManager.h; sourceTree = "<group>"; };
		9C14D5921D1A359900D5446C /* AirVMManager.m */ = {isa = PBXFileReference; fileEncoding = 4; lastKnownFileType = sourcecode.c.objc; path = AirVMManager.m; sourceTree = "<group>"; };
		9C14D5931D1A359900D5446C /* BonjourSDK.h */ = {isa = PBXFileReference; fileEncoding = 4; lastKnownFileType = sourcecode.c.h; path = BonjourSDK.h; sourceTree = "<group>"; };
		9C14D5941D1A359900D5446C /* BSBonjourConnection.h */ = {isa = PBXFileReference; fileEncoding = 4; lastKnownFileType = sourcecode.c.h; path = BSBonjourConnection.h; sourceTree = "<group>"; };
		9C14D5951D1A359900D5446C /* BSBonjourConnection.m */ = {isa = PBXFileReference; fileEncoding = 4; lastKnownFileType = sourcecode.c.objc; path = BSBonjourConnection.m; sourceTree = "<group>"; };
		9C14D5961D1A359900D5446C /* BSBonjourServer.h */ = {isa = PBXFileReference; fileEncoding = 4; lastKnownFileType = sourcecode.c.h; path = BSBonjourServer.h; sourceTree = "<group>"; };
		9C14D5971D1A359900D5446C /* BSBonjourServer.m */ = {isa = PBXFileReference; fileEncoding = 4; lastKnownFileType = sourcecode.c.objc; path = BSBonjourServer.m; sourceTree = "<group>"; };
		9C14D5981D1A359900D5446C /* BSBonjourClient.h */ = {isa = PBXFileReference; fileEncoding = 4; lastKnownFileType = sourcecode.c.h; path = BSBonjourClient.h; sourceTree = "<group>"; };
		9C14D5991D1A359900D5446C /* BSBonjourClient.m */ = {isa = PBXFileReference; fileEncoding = 4; lastKnownFileType = sourcecode.c.objc; path = BSBonjourClient.m; sourceTree = "<group>"; };
		9C14D59A1D1A359900D5446C /* Info.plist */ = {isa = PBXFileReference; fileEncoding = 4; lastKnownFileType = text.plist.xml; path = Info.plist; sourceTree = "<group>"; };
		9C31F5231D19264F002E1737 /* AirVMWindowController.h */ = {isa = PBXFileReference; fileEncoding = 4; lastKnownFileType = sourcecode.c.h; path = AirVMWindowController.h; sourceTree = "<group>"; };
		9C31F5241D19264F002E1737 /* AirVMWindowController.m */ = {isa = PBXFileReference; fileEncoding = 4; lastKnownFileType = sourcecode.c.objc; path = AirVMWindowController.m; sourceTree = "<group>"; };
		9C31F5281D19267D002E1737 /* Extensions */ = {isa = PBXFileReference; lastKnownFileType = folder; path = Extensions; sourceTree = "<group>"; };
		9C31F5291D19267D002E1737 /* INAppStoreWindow.h */ = {isa = PBXFileReference; fileEncoding = 4; lastKnownFileType = sourcecode.c.h; path = INAppStoreWindow.h; sourceTree = "<group>"; };
		9C31F52A1D19267D002E1737 /* INAppStoreWindow.m */ = {isa = PBXFileReference; fileEncoding = 4; lastKnownFileType = sourcecode.c.objc; path = INAppStoreWindow.m; sourceTree = "<group>"; };
		9C31F52B1D19267D002E1737 /* INAppStoreWindowCompatibility.h */ = {isa = PBXFileReference; fileEncoding = 4; lastKnownFileType = sourcecode.c.h; path = INAppStoreWindowCompatibility.h; sourceTree = "<group>"; };
		9C31F52C1D19267D002E1737 /* INWindowButton.h */ = {isa = PBXFileReference; fileEncoding = 4; lastKnownFileType = sourcecode.c.h; path = INWindowButton.h; sourceTree = "<group>"; };
		9C31F52D1D19267D002E1737 /* INWindowButton.m */ = {isa = PBXFileReference; fileEncoding = 4; lastKnownFileType = sourcecode.c.objc; path = INWindowButton.m; sourceTree = "<group>"; };
		9C31F5311D1928B3002E1737 /* WAYAppStoreWindow.h */ = {isa = PBXFileReference; fileEncoding = 4; lastKnownFileType = sourcecode.c.h; path = WAYAppStoreWindow.h; sourceTree = "<group>"; };
		9C31F5321D1928B3002E1737 /* WAYAppStoreWindow.m */ = {isa = PBXFileReference; fileEncoding = 4; lastKnownFileType = sourcecode.c.objc; path = WAYAppStoreWindow.m; sourceTree = "<group>"; };
		9C31F5341D1928F3002E1737 /* WAYWindow.h */ = {isa = PBXFileReference; fileEncoding = 4; lastKnownFileType = sourcecode.c.h; path = WAYWindow.h; sourceTree = "<group>"; };
		9C31F5351D1928F3002E1737 /* WAYWindow.m */ = {isa = PBXFileReference; fileEncoding = 4; lastKnownFileType = sourcecode.c.objc; path = WAYWindow.m; sourceTree = "<group>"; };
		9C31F5371D1934E7002E1737 /* AirVMTitleBarViewController.h */ = {isa = PBXFileReference; fileEncoding = 4; lastKnownFileType = sourcecode.c.h; path = AirVMTitleBarViewController.h; sourceTree = "<group>"; };
		9C31F5381D1934E7002E1737 /* AirVMTitleBarViewController.m */ = {isa = PBXFileReference; fileEncoding = 4; lastKnownFileType = sourcecode.c.objc; path = AirVMTitleBarViewController.m; sourceTree = "<group>"; };
		9C31F5391D1934E7002E1737 /* AirVMTitleBarViewController.xib */ = {isa = PBXFileReference; fileEncoding = 4; lastKnownFileType = file.xib; path = AirVMTitleBarViewController.xib; sourceTree = "<group>"; };
		9C31F53C1D1938B1002E1737 /* refresh.png */ = {isa = PBXFileReference; lastKnownFileType = image.png; path = refresh.png; sourceTree = "<group>"; };
		9C31F5421D1942DD002E1737 /* service_off.png */ = {isa = PBXFileReference; lastKnownFileType = image.png; path = service_off.png; sourceTree = "<group>"; };
		9C31F5441D1942E7002E1737 /* service_on.png */ = {isa = PBXFileReference; lastKnownFileType = image.png; path = service_on.png; sourceTree = "<group>"; };
		9C31F5511D1A0F98002E1737 /* ConfirmToShareViewController.h */ = {isa = PBXFileReference; fileEncoding = 4; lastKnownFileType = sourcecode.c.h; path = ConfirmToShareViewController.h; sourceTree = "<group>"; };
		9C31F5521D1A0F98002E1737 /* ConfirmToShareViewController.m */ = {isa = PBXFileReference; fileEncoding = 4; lastKnownFileType = sourcecode.c.objc; path = ConfirmToShareViewController.m; sourceTree = "<group>"; };
		9C31F5531D1A0F98002E1737 /* ConfirmToShareViewController.xib */ = {isa = PBXFileReference; fileEncoding = 4; lastKnownFileType = file.xib; path = ConfirmToShareViewController.xib; sourceTree = "<group>"; };
		E8DC977B1D17E74200F37D55 /* AirVM.app */ = {isa = PBXFileReference; explicitFileType = wrapper.application; includeInIndex = 0; path = AirVM.app; sourceTree = BUILT_PRODUCTS_DIR; };
		E8DC977E1D17E74200F37D55 /* AppDelegate.h */ = {isa = PBXFileReference; lastKnownFileType = sourcecode.c.h; path = AppDelegate.h; sourceTree = "<group>"; };
		E8DC977F1D17E74200F37D55 /* AppDelegate.m */ = {isa = PBXFileReference; lastKnownFileType = sourcecode.c.objc; path = AppDelegate.m; sourceTree = "<group>"; };
		E8DC97821D17E74200F37D55 /* main.m */ = {isa = PBXFileReference; lastKnownFileType = sourcecode.c.objc; path = main.m; sourceTree = "<group>"; };
		E8DC97841D17E74200F37D55 /* ViewController.h */ = {isa = PBXFileReference; lastKnownFileType = sourcecode.c.h; path = ViewController.h; sourceTree = "<group>"; };
		E8DC97851D17E74200F37D55 /* ViewController.m */ = {isa = PBXFileReference; lastKnownFileType = sourcecode.c.objc; path = ViewController.m; sourceTree = "<group>"; };
		E8DC97871D17E74200F37D55 /* Assets.xcassets */ = {isa = PBXFileReference; lastKnownFileType = folder.assetcatalog; path = Assets.xcassets; sourceTree = "<group>"; };
		E8DC978C1D17E74200F37D55 /* Info.plist */ = {isa = PBXFileReference; lastKnownFileType = text.plist.xml; path = Info.plist; sourceTree = "<group>"; };
		E8DC97911D17E74200F37D55 /* AirVMTests.xctest */ = {isa = PBXFileReference; explicitFileType = wrapper.cfbundle; includeInIndex = 0; path = AirVMTests.xctest; sourceTree = BUILT_PRODUCTS_DIR; };
		E8DC97951D17E74200F37D55 /* AirVMTests.m */ = {isa = PBXFileReference; lastKnownFileType = sourcecode.c.objc; path = AirVMTests.m; sourceTree = "<group>"; };
		E8DC97971D17E74200F37D55 /* Info.plist */ = {isa = PBXFileReference; lastKnownFileType = text.plist.xml; path = Info.plist; sourceTree = "<group>"; };
		E8DC979C1D17E74200F37D55 /* AirVMUITests.xctest */ = {isa = PBXFileReference; explicitFileType = wrapper.cfbundle; includeInIndex = 0; path = AirVMUITests.xctest; sourceTree = BUILT_PRODUCTS_DIR; };
		E8DC97A01D17E74200F37D55 /* AirVMUITests.m */ = {isa = PBXFileReference; lastKnownFileType = sourcecode.c.objc; path = AirVMUITests.m; sourceTree = "<group>"; };
		E8DC97A21D17E74200F37D55 /* Info.plist */ = {isa = PBXFileReference; lastKnownFileType = text.plist.xml; path = Info.plist; sourceTree = "<group>"; };
		E8DC97BA1D17E8D200F37D55 /* AirVMViewController.h */ = {isa = PBXFileReference; fileEncoding = 4; lastKnownFileType = sourcecode.c.h; path = AirVMViewController.h; sourceTree = "<group>"; };
		E8DC97BB1D17E8D200F37D55 /* AirVMViewController.m */ = {isa = PBXFileReference; fileEncoding = 4; lastKnownFileType = sourcecode.c.objc; path = AirVMViewController.m; sourceTree = "<group>"; };
		E8DC97BC1D17E8D200F37D55 /* BJPublishActionButtonEnableTransformer.h */ = {isa = PBXFileReference; fileEncoding = 4; lastKnownFileType = sourcecode.c.h; path = BJPublishActionButtonEnableTransformer.h; sourceTree = "<group>"; };
		E8DC97BD1D17E8D200F37D55 /* BJPublishActionButtonEnableTransformer.m */ = {isa = PBXFileReference; fileEncoding = 4; lastKnownFileType = sourcecode.c.objc; path = BJPublishActionButtonEnableTransformer.m; sourceTree = "<group>"; };
		E8DC97BE1D17E8D200F37D55 /* BJPublishActionButtonTransformer.h */ = {isa = PBXFileReference; fileEncoding = 4; lastKnownFileType = sourcecode.c.h; path = BJPublishActionButtonTransformer.h; sourceTree = "<group>"; };
		E8DC97BF1D17E8D200F37D55 /* BJPublishActionButtonTransformer.m */ = {isa = PBXFileReference; fileEncoding = 4; lastKnownFileType = sourcecode.c.objc; path = BJPublishActionButtonTransformer.m; sourceTree = "<group>"; };
		E8DC97C01D17E8D200F37D55 /* Bonjour-OSX.entitlements */ = {isa = PBXFileReference; fileEncoding = 4; lastKnownFileType = text.xml; path = "Bonjour-OSX.entitlements"; sourceTree = "<group>"; };
		E8DC97C11D17E8D200F37D55 /* Main.storyboard */ = {isa = PBXFileReference; fileEncoding = 4; lastKnownFileType = file.storyboard; path = Main.storyboard; sourceTree = "<group>"; };
		E8DC97C21D17E8D200F37D55 /* OpenSharedVMViewController.h */ = {isa = PBXFileReference; fileEncoding = 4; lastKnownFileType = sourcecode.c.h; path = OpenSharedVMViewController.h; sourceTree = "<group>"; };
		E8DC97C31D17E8D200F37D55 /* OpenSharedVMViewController.m */ = {isa = PBXFileReference; fileEncoding = 4; lastKnownFileType = sourcecode.c.objc; path = OpenSharedVMViewController.m; sourceTree = "<group>"; };
		E8DC97C41D17E8D200F37D55 /* OpenSharedVMViewController.xib */ = {isa = PBXFileReference; fileEncoding = 4; lastKnownFileType = file.xib; path = OpenSharedVMViewController.xib; sourceTree = "<group>"; };
		E8DC97C51D17E8D200F37D55 /* Person.h */ = {isa = PBXFileReference; fileEncoding = 4; lastKnownFileType = sourcecode.c.h; path = Person.h; sourceTree = "<group>"; };
		E8DC97C61D17E8D200F37D55 /* Person.m */ = {isa = PBXFileReference; fileEncoding = 4; lastKnownFileType = sourcecode.c.objc; path = Person.m; sourceTree = "<group>"; };
		E8DC97C71D17E8D200F37D55 /* PersonClusterView.h */ = {isa = PBXFileReference; fileEncoding = 4; lastKnownFileType = sourcecode.c.h; path = PersonClusterView.h; sourceTree = "<group>"; };
		E8DC97C81D17E8D200F37D55 /* PersonClusterView.m */ = {isa = PBXFileReference; fileEncoding = 4; lastKnownFileType = sourcecode.c.objc; path = PersonClusterView.m; sourceTree = "<group>"; };
		E8DC97C91D17E8D200F37D55 /* PersonView.h */ = {isa = PBXFileReference; fileEncoding = 4; lastKnownFileType = sourcecode.c.h; path = PersonView.h; sourceTree = "<group>"; };
		E8DC97CA1D17E8D200F37D55 /* PersonView.m */ = {isa = PBXFileReference; fileEncoding = 4; lastKnownFileType = sourcecode.c.objc; path = PersonView.m; sourceTree = "<group>"; };
		E8DC97CB1D17E8D200F37D55 /* PersonViewController.h */ = {isa = PBXFileReference; fileEncoding = 4; lastKnownFileType = sourcecode.c.h; path = PersonViewController.h; sourceTree = "<group>"; };
		E8DC97CC1D17E8D200F37D55 /* PersonViewController.m */ = {isa = PBXFileReference; fileEncoding = 4; lastKnownFileType = sourcecode.c.objc; path = PersonViewController.m; sourceTree = "<group>"; };
		E8DC97CD1D17E8D200F37D55 /* PersonViewController.xib */ = {isa = PBXFileReference; fileEncoding = 4; lastKnownFileType = file.xib; path = PersonViewController.xib; sourceTree = "<group>"; };
		E8DC97CE1D17E8D200F37D55 /* SharedVM.h */ = {isa = PBXFileReference; fileEncoding = 4; lastKnownFileType = sourcecode.c.h; path = SharedVM.h; sourceTree = "<group>"; };
		E8DC97CF1D17E8D200F37D55 /* SharedVM.m */ = {isa = PBXFileReference; fileEncoding = 4; lastKnownFileType = sourcecode.c.objc; path = SharedVM.m; sourceTree = "<group>"; };
/* End PBXFileReference section */

/* Begin PBXFrameworksBuildPhase section */
		E8DC97781D17E74200F37D55 /* Frameworks */ = {
			isa = PBXFrameworksBuildPhase;
			buildActionMask = 2147483647;
			files = (
			);
			runOnlyForDeploymentPostprocessing = 0;
		};
		E8DC978E1D17E74200F37D55 /* Frameworks */ = {
			isa = PBXFrameworksBuildPhase;
			buildActionMask = 2147483647;
			files = (
			);
			runOnlyForDeploymentPostprocessing = 0;
		};
		E8DC97991D17E74200F37D55 /* Frameworks */ = {
			isa = PBXFrameworksBuildPhase;
			buildActionMask = 2147483647;
			files = (
			);
			runOnlyForDeploymentPostprocessing = 0;
		};
/* End PBXFrameworksBuildPhase section */

/* Begin PBXGroup section */
		9C14D59B1D1A359900D5446C /* Supporting Files */ = {
			isa = PBXGroup;
			children = (
				9C14D59A1D1A359900D5446C /* Info.plist */,
			);
			name = "Supporting Files";
			sourceTree = "<group>";
		};
		9C14D59C1D1A359900D5446C /* BonjourSDK */ = {
			isa = PBXGroup;
			children = (
				9C14D5911D1A359900D5446C /* AirVMManager.h */,
				9C14D5921D1A359900D5446C /* AirVMManager.m */,
				9C14D5931D1A359900D5446C /* BonjourSDK.h */,
				9C14D5941D1A359900D5446C /* BSBonjourConnection.h */,
				9C14D5951D1A359900D5446C /* BSBonjourConnection.m */,
				9C14D5961D1A359900D5446C /* BSBonjourServer.h */,
				9C14D5971D1A359900D5446C /* BSBonjourServer.m */,
				9C14D5981D1A359900D5446C /* BSBonjourClient.h */,
				9C14D5991D1A359900D5446C /* BSBonjourClient.m */,
				9C14D59B1D1A359900D5446C /* Supporting Files */,
			);
			name = BonjourSDK;
			path = ../BonjourSDK/BonjourSDK;
			sourceTree = "<group>";
		};
		9C31F5271D192665002E1737 /* INAppStoreWindow */ = {
			isa = PBXGroup;
			children = (
				9C31F5311D1928B3002E1737 /* WAYAppStoreWindow.h */,
				9C31F5321D1928B3002E1737 /* WAYAppStoreWindow.m */,
				9C31F5341D1928F3002E1737 /* WAYWindow.h */,
				9C31F5351D1928F3002E1737 /* WAYWindow.m */,
				9C31F5281D19267D002E1737 /* Extensions */,
				9C31F5291D19267D002E1737 /* INAppStoreWindow.h */,
				9C31F52A1D19267D002E1737 /* INAppStoreWindow.m */,
				9C31F52B1D19267D002E1737 /* INAppStoreWindowCompatibility.h */,
				9C31F52C1D19267D002E1737 /* INWindowButton.h */,
				9C31F52D1D19267D002E1737 /* INWindowButton.m */,
			);
			name = INAppStoreWindow;
			sourceTree = "<group>";
		};
		9C31F5471D1A0E25002E1737 /* View */ = {
			isa = PBXGroup;
			children = (
				E8DC97C71D17E8D200F37D55 /* PersonClusterView.h */,
				E8DC97C81D17E8D200F37D55 /* PersonClusterView.m */,
				E8DC97C91D17E8D200F37D55 /* PersonView.h */,
				E8DC97CA1D17E8D200F37D55 /* PersonView.m */,
				9C31F5391D1934E7002E1737 /* AirVMTitleBarViewController.xib */,
				E8DC97C41D17E8D200F37D55 /* OpenSharedVMViewController.xib */,
				9C31F5531D1A0F98002E1737 /* ConfirmToShareViewController.xib */,
				E8DC97C11D17E8D200F37D55 /* Main.storyboard */,
				E8DC97CD1D17E8D200F37D55 /* PersonViewController.xib */,
			);
			name = View;
			sourceTree = "<group>";
		};
		9C31F5491D1A0E37002E1737 /* Model */ = {
			isa = PBXGroup;
			children = (
				E8DC97BC1D17E8D200F37D55 /* BJPublishActionButtonEnableTransformer.h */,
				E8DC97BD1D17E8D200F37D55 /* BJPublishActionButtonEnableTransformer.m */,
				E8DC97BE1D17E8D200F37D55 /* BJPublishActionButtonTransformer.h */,
				E8DC97BF1D17E8D200F37D55 /* BJPublishActionButtonTransformer.m */,
				E8DC97C51D17E8D200F37D55 /* Person.h */,
				E8DC97C61D17E8D200F37D55 /* Person.m */,
				E8DC97CE1D17E8D200F37D55 /* SharedVM.h */,
				E8DC97CF1D17E8D200F37D55 /* SharedVM.m */,
			);
			name = Model;
			sourceTree = "<group>";
		};
		9C31F54A1D1A0E44002E1737 /* Controller */ = {
			isa = PBXGroup;
			children = (
				9C31F5231D19264F002E1737 /* AirVMWindowController.h */,
				9C31F5241D19264F002E1737 /* AirVMWindowController.m */,
				E8DC97BA1D17E8D200F37D55 /* AirVMViewController.h */,
				E8DC97BB1D17E8D200F37D55 /* AirVMViewController.m */,
				9C31F5371D1934E7002E1737 /* AirVMTitleBarViewController.h */,
				9C31F5381D1934E7002E1737 /* AirVMTitleBarViewController.m */,
				E8DC97C21D17E8D200F37D55 /* OpenSharedVMViewController.h */,
				E8DC97C31D17E8D200F37D55 /* OpenSharedVMViewController.m */,
				9C31F5511D1A0F98002E1737 /* ConfirmToShareViewController.h */,
				9C31F5521D1A0F98002E1737 /* ConfirmToShareViewController.m */,
				E8DC97CB1D17E8D200F37D55 /* PersonViewController.h */,
				E8DC97CC1D17E8D200F37D55 /* PersonViewController.m */,
				E8DC97841D17E74200F37D55 /* ViewController.h */,
				E8DC97851D17E74200F37D55 /* ViewController.m */,
			);
			name = Controller;
			sourceTree = "<group>";
		};
		9C31F54B1D1A0E6D002E1737 /* Third Party */ = {
			isa = PBXGroup;
			children = (
				9C14D59C1D1A359900D5446C /* BonjourSDK */,
				9C31F5271D192665002E1737 /* INAppStoreWindow */,
			);
			name = "Third Party";
			sourceTree = "<group>";
		};
		E8DC97721D17E74200F37D55 = {
			isa = PBXGroup;
			children = (
				E8DC977D1D17E74200F37D55 /* AirVM */,
				E8DC97941D17E74200F37D55 /* AirVMTests */,
				E8DC979F1D17E74200F37D55 /* AirVMUITests */,
				E8DC977C1D17E74200F37D55 /* Products */,
			);
			sourceTree = "<group>";
		};
		E8DC977C1D17E74200F37D55 /* Products */ = {
			isa = PBXGroup;
			children = (
				E8DC977B1D17E74200F37D55 /* AirVM.app */,
				E8DC97911D17E74200F37D55 /* AirVMTests.xctest */,
				E8DC979C1D17E74200F37D55 /* AirVMUITests.xctest */,
			);
			name = Products;
			sourceTree = "<group>";
		};
		E8DC977D1D17E74200F37D55 /* AirVM */ = {
			isa = PBXGroup;
			children = (
				9C31F54B1D1A0E6D002E1737 /* Third Party */,
				9C31F54A1D1A0E44002E1737 /* Controller */,
				9C31F5491D1A0E37002E1737 /* Model */,
				9C31F5471D1A0E25002E1737 /* View */,
				E8DC97C01D17E8D200F37D55 /* Bonjour-OSX.entitlements */,
				E8DC977E1D17E74200F37D55 /* AppDelegate.h */,
				E8DC977F1D17E74200F37D55 /* AppDelegate.m */,
				E8DC97871D17E74200F37D55 /* Assets.xcassets */,
				E8DC978C1D17E74200F37D55 /* Info.plist */,
				E8DC97811D17E74200F37D55 /* Supporting Files */,
			);
			path = AirVM;
			sourceTree = "<group>";
		};
		E8DC97811D17E74200F37D55 /* Supporting Files */ = {
			isa = PBXGroup;
			children = (
				9C31F53C1D1938B1002E1737 /* refresh.png */,
				E8DC97821D17E74200F37D55 /* main.m */,
				9C31F5421D1942DD002E1737 /* service_off.png */,
				9C31F5441D1942E7002E1737 /* service_on.png */,
			);
			name = "Supporting Files";
			sourceTree = "<group>";
		};
		E8DC97941D17E74200F37D55 /* AirVMTests */ = {
			isa = PBXGroup;
			children = (
				E8DC97951D17E74200F37D55 /* AirVMTests.m */,
				E8DC97971D17E74200F37D55 /* Info.plist */,
			);
			path = AirVMTests;
			sourceTree = "<group>";
		};
		E8DC979F1D17E74200F37D55 /* AirVMUITests */ = {
			isa = PBXGroup;
			children = (
				E8DC97A01D17E74200F37D55 /* AirVMUITests.m */,
				E8DC97A21D17E74200F37D55 /* Info.plist */,
			);
			path = AirVMUITests;
			sourceTree = "<group>";
		};
/* End PBXGroup section */

/* Begin PBXNativeTarget section */
		E8DC977A1D17E74200F37D55 /* AirVM */ = {
			isa = PBXNativeTarget;
			buildConfigurationList = E8DC97A51D17E74200F37D55 /* Build configuration list for PBXNativeTarget "AirVM" */;
			buildPhases = (
				E8DC97771D17E74200F37D55 /* Sources */,
				E8DC97781D17E74200F37D55 /* Frameworks */,
				E8DC97791D17E74200F37D55 /* Resources */,
			);
			buildRules = (
			);
			dependencies = (
			);
			name = AirVM;
			productName = AirVM;
			productReference = E8DC977B1D17E74200F37D55 /* AirVM.app */;
			productType = "com.apple.product-type.application";
		};
		E8DC97901D17E74200F37D55 /* AirVMTests */ = {
			isa = PBXNativeTarget;
			buildConfigurationList = E8DC97A81D17E74200F37D55 /* Build configuration list for PBXNativeTarget "AirVMTests" */;
			buildPhases = (
				E8DC978D1D17E74200F37D55 /* Sources */,
				E8DC978E1D17E74200F37D55 /* Frameworks */,
				E8DC978F1D17E74200F37D55 /* Resources */,
			);
			buildRules = (
			);
			dependencies = (
				E8DC97931D17E74200F37D55 /* PBXTargetDependency */,
			);
			name = AirVMTests;
			productName = AirVMTests;
			productReference = E8DC97911D17E74200F37D55 /* AirVMTests.xctest */;
			productType = "com.apple.product-type.bundle.unit-test";
		};
		E8DC979B1D17E74200F37D55 /* AirVMUITests */ = {
			isa = PBXNativeTarget;
			buildConfigurationList = E8DC97AB1D17E74200F37D55 /* Build configuration list for PBXNativeTarget "AirVMUITests" */;
			buildPhases = (
				E8DC97981D17E74200F37D55 /* Sources */,
				E8DC97991D17E74200F37D55 /* Frameworks */,
				E8DC979A1D17E74200F37D55 /* Resources */,
			);
			buildRules = (
			);
			dependencies = (
				E8DC979E1D17E74200F37D55 /* PBXTargetDependency */,
			);
			name = AirVMUITests;
			productName = AirVMUITests;
			productReference = E8DC979C1D17E74200F37D55 /* AirVMUITests.xctest */;
			productType = "com.apple.product-type.bundle.ui-testing";
		};
/* End PBXNativeTarget section */

/* Begin PBXProject section */
		E8DC97731D17E74200F37D55 /* Project object */ = {
			isa = PBXProject;
			attributes = {
				LastUpgradeCheck = 0730;
				ORGANIZATIONNAME = VMware;
				TargetAttributes = {
					E8DC977A1D17E74200F37D55 = {
						CreatedOnToolsVersion = 7.3.1;
					};
					E8DC97901D17E74200F37D55 = {
						CreatedOnToolsVersion = 7.3.1;
						TestTargetID = E8DC977A1D17E74200F37D55;
					};
					E8DC979B1D17E74200F37D55 = {
						CreatedOnToolsVersion = 7.3.1;
						TestTargetID = E8DC977A1D17E74200F37D55;
					};
				};
			};
			buildConfigurationList = E8DC97761D17E74200F37D55 /* Build configuration list for PBXProject "AirVM" */;
			compatibilityVersion = "Xcode 3.2";
			developmentRegion = English;
			hasScannedForEncodings = 0;
			knownRegions = (
				en,
				Base,
			);
			mainGroup = E8DC97721D17E74200F37D55;
			productRefGroup = E8DC977C1D17E74200F37D55 /* Products */;
			projectDirPath = "";
			projectRoot = "";
			targets = (
				E8DC977A1D17E74200F37D55 /* AirVM */,
				E8DC97901D17E74200F37D55 /* AirVMTests */,
				E8DC979B1D17E74200F37D55 /* AirVMUITests */,
			);
		};
/* End PBXProject section */

/* Begin PBXResourcesBuildPhase section */
		E8DC97791D17E74200F37D55 /* Resources */ = {
			isa = PBXResourcesBuildPhase;
			buildActionMask = 2147483647;
			files = (
				9C31F5451D1942E7002E1737 /* service_on.png in Resources */,
				9C31F52E1D19267D002E1737 /* Extensions in Resources */,
				E8DC97881D17E74200F37D55 /* Assets.xcassets in Resources */,
				E8DC97D31D17E8D200F37D55 /* Bonjour-OSX.entitlements in Resources */,
				9C31F5551D1A0F98002E1737 /* ConfirmToShareViewController.xib in Resources */,
				E8DC97DB1D17E8D200F37D55 /* PersonViewController.xib in Resources */,
				E8DC97D41D17E8D200F37D55 /* Main.storyboard in Resources */,
				9C31F53D1D1938B1002E1737 /* refresh.png in Resources */,
				9C14D5A11D1A359900D5446C /* Info.plist in Resources */,
				9C31F5431D1942DD002E1737 /* service_off.png in Resources */,
				9C31F53B1D1934E7002E1737 /* AirVMTitleBarViewController.xib in Resources */,
				E8DC97D61D17E8D200F37D55 /* OpenSharedVMViewController.xib in Resources */,
			);
			runOnlyForDeploymentPostprocessing = 0;
		};
		E8DC978F1D17E74200F37D55 /* Resources */ = {
			isa = PBXResourcesBuildPhase;
			buildActionMask = 2147483647;
			files = (
			);
			runOnlyForDeploymentPostprocessing = 0;
		};
		E8DC979A1D17E74200F37D55 /* Resources */ = {
			isa = PBXResourcesBuildPhase;
			buildActionMask = 2147483647;
			files = (
			);
			runOnlyForDeploymentPostprocessing = 0;
		};
/* End PBXResourcesBuildPhase section */

/* Begin PBXSourcesBuildPhase section */
		E8DC97771D17E74200F37D55 /* Sources */ = {
			isa = PBXSourcesBuildPhase;
			buildActionMask = 2147483647;
			files = (
				E8DC97DA1D17E8D200F37D55 /* PersonViewController.m in Sources */,
				9C31F5541D1A0F98002E1737 /* ConfirmToShareViewController.m in Sources */,
				9C14D59E1D1A359900D5446C /* BSBonjourConnection.m in Sources */,
				E8DC97D11D17E8D200F37D55 /* BJPublishActionButtonEnableTransformer.m in Sources */,
				E8DC97D91D17E8D200F37D55 /* PersonView.m in Sources */,
				9C14D59F1D1A359900D5446C /* BSBonjourServer.m in Sources */,
				E8DC97D81D17E8D200F37D55 /* PersonClusterView.m in Sources */,
				E8DC97D51D17E8D200F37D55 /* OpenSharedVMViewController.m in Sources */,
				9C31F5331D1928B3002E1737 /* WAYAppStoreWindow.m in Sources */,
				9C14D5A01D1A359900D5446C /* BSBonjourClient.m in Sources */,
				E8DC97D71D17E8D200F37D55 /* Person.m in Sources */,
				E8DC97861D17E74200F37D55 /* ViewController.m in Sources */,
				9C31F5361D1928F3002E1737 /* WAYWindow.m in Sources */,
				9C31F53A1D1934E7002E1737 /* AirVMTitleBarViewController.m in Sources */,
				9C14D59D1D1A359900D5446C /* AirVMManager.m in Sources */,
				E8DC97831D17E74200F37D55 /* main.m in Sources */,
				E8DC97D21D17E8D200F37D55 /* BJPublishActionButtonTransformer.m in Sources */,
				E8DC97D01D17E8D200F37D55 /* AirVMViewController.m in Sources */,
				E8DC97801D17E74200F37D55 /* AppDelegate.m in Sources */,
				E8DC97DC1D17E8D200F37D55 /* SharedVM.m in Sources */,
				9C31F5301D19267D002E1737 /* INWindowButton.m in Sources */,
				9C31F52F1D19267D002E1737 /* INAppStoreWindow.m in Sources */,
				9C31F5251D19264F002E1737 /* AirVMWindowController.m in Sources */,
			);
			runOnlyForDeploymentPostprocessing = 0;
		};
		E8DC978D1D17E74200F37D55 /* Sources */ = {
			isa = PBXSourcesBuildPhase;
			buildActionMask = 2147483647;
			files = (
				E8DC97961D17E74200F37D55 /* AirVMTests.m in Sources */,
			);
			runOnlyForDeploymentPostprocessing = 0;
		};
		E8DC97981D17E74200F37D55 /* Sources */ = {
			isa = PBXSourcesBuildPhase;
			buildActionMask = 2147483647;
			files = (
				E8DC97A11D17E74200F37D55 /* AirVMUITests.m in Sources */,
			);
			runOnlyForDeploymentPostprocessing = 0;
		};
/* End PBXSourcesBuildPhase section */

/* Begin PBXTargetDependency section */
		E8DC97931D17E74200F37D55 /* PBXTargetDependency */ = {
			isa = PBXTargetDependency;
			target = E8DC977A1D17E74200F37D55 /* AirVM */;
			targetProxy = E8DC97921D17E74200F37D55 /* PBXContainerItemProxy */;
		};
		E8DC979E1D17E74200F37D55 /* PBXTargetDependency */ = {
			isa = PBXTargetDependency;
			target = E8DC977A1D17E74200F37D55 /* AirVM */;
			targetProxy = E8DC979D1D17E74200F37D55 /* PBXContainerItemProxy */;
		};
/* End PBXTargetDependency section */

/* Begin XCBuildConfiguration section */
		E8DC97A31D17E74200F37D55 /* Debug */ = {
			isa = XCBuildConfiguration;
			buildSettings = {
				ALWAYS_SEARCH_USER_PATHS = NO;
				CLANG_ANALYZER_NONNULL = YES;
				CLANG_CXX_LANGUAGE_STANDARD = "gnu++0x";
				CLANG_CXX_LIBRARY = "libc++";
				CLANG_ENABLE_MODULES = YES;
				CLANG_ENABLE_OBJC_ARC = YES;
				CLANG_WARN_BOOL_CONVERSION = YES;
				CLANG_WARN_CONSTANT_CONVERSION = YES;
				CLANG_WARN_DIRECT_OBJC_ISA_USAGE = YES_ERROR;
				CLANG_WARN_EMPTY_BODY = YES;
				CLANG_WARN_ENUM_CONVERSION = YES;
				CLANG_WARN_INT_CONVERSION = YES;
				CLANG_WARN_OBJC_ROOT_CLASS = YES_ERROR;
				CLANG_WARN_UNREACHABLE_CODE = YES;
				CLANG_WARN__DUPLICATE_METHOD_MATCH = YES;
				CODE_SIGN_IDENTITY = "-";
				COPY_PHASE_STRIP = NO;
				DEBUG_INFORMATION_FORMAT = dwarf;
				ENABLE_STRICT_OBJC_MSGSEND = YES;
				ENABLE_TESTABILITY = YES;
				GCC_C_LANGUAGE_STANDARD = gnu99;
				GCC_DYNAMIC_NO_PIC = NO;
				GCC_NO_COMMON_BLOCKS = YES;
				GCC_OPTIMIZATION_LEVEL = 0;
				GCC_PREPROCESSOR_DEFINITIONS = (
					"DEBUG=1",
					"$(inherited)",
				);
				GCC_WARN_64_TO_32_BIT_CONVERSION = YES;
				GCC_WARN_ABOUT_RETURN_TYPE = YES_ERROR;
				GCC_WARN_UNDECLARED_SELECTOR = YES;
				GCC_WARN_UNINITIALIZED_AUTOS = YES_AGGRESSIVE;
				GCC_WARN_UNUSED_FUNCTION = YES;
				GCC_WARN_UNUSED_VARIABLE = YES;
				MACOSX_DEPLOYMENT_TARGET = 10.11;
				MTL_ENABLE_DEBUG_INFO = YES;
				ONLY_ACTIVE_ARCH = YES;
				SDKROOT = macosx;
			};
			name = Debug;
		};
		E8DC97A41D17E74200F37D55 /* Release */ = {
			isa = XCBuildConfiguration;
			buildSettings = {
				ALWAYS_SEARCH_USER_PATHS = NO;
				CLANG_ANALYZER_NONNULL = YES;
				CLANG_CXX_LANGUAGE_STANDARD = "gnu++0x";
				CLANG_CXX_LIBRARY = "libc++";
				CLANG_ENABLE_MODULES = YES;
				CLANG_ENABLE_OBJC_ARC = YES;
				CLANG_WARN_BOOL_CONVERSION = YES;
				CLANG_WARN_CONSTANT_CONVERSION = YES;
				CLANG_WARN_DIRECT_OBJC_ISA_USAGE = YES_ERROR;
				CLANG_WARN_EMPTY_BODY = YES;
				CLANG_WARN_ENUM_CONVERSION = YES;
				CLANG_WARN_INT_CONVERSION = YES;
				CLANG_WARN_OBJC_ROOT_CLASS = YES_ERROR;
				CLANG_WARN_UNREACHABLE_CODE = YES;
				CLANG_WARN__DUPLICATE_METHOD_MATCH = YES;
				CODE_SIGN_IDENTITY = "-";
				COPY_PHASE_STRIP = NO;
				DEBUG_INFORMATION_FORMAT = "dwarf-with-dsym";
				ENABLE_NS_ASSERTIONS = NO;
				ENABLE_STRICT_OBJC_MSGSEND = YES;
				GCC_C_LANGUAGE_STANDARD = gnu99;
				GCC_NO_COMMON_BLOCKS = YES;
				GCC_WARN_64_TO_32_BIT_CONVERSION = YES;
				GCC_WARN_ABOUT_RETURN_TYPE = YES_ERROR;
				GCC_WARN_UNDECLARED_SELECTOR = YES;
				GCC_WARN_UNINITIALIZED_AUTOS = YES_AGGRESSIVE;
				GCC_WARN_UNUSED_FUNCTION = YES;
				GCC_WARN_UNUSED_VARIABLE = YES;
				MACOSX_DEPLOYMENT_TARGET = 10.11;
				MTL_ENABLE_DEBUG_INFO = NO;
				SDKROOT = macosx;
			};
			name = Release;
		};
		E8DC97A61D17E74200F37D55 /* Debug */ = {
			isa = XCBuildConfiguration;
			buildSettings = {
				ASSETCATALOG_COMPILER_APPICON_NAME = AppIcon;
				COMBINE_HIDPI_IMAGES = YES;
				INFOPLIST_FILE = AirVM/Info.plist;
				LD_RUNPATH_SEARCH_PATHS = "$(inherited) @executable_path/../Frameworks";
				MACOSX_DEPLOYMENT_TARGET = 10.11;
				PRODUCT_BUNDLE_IDENTIFIER = com.vmware.AirVM;
				PRODUCT_NAME = "$(TARGET_NAME)";
			};
			name = Debug;
		};
		E8DC97A71D17E74200F37D55 /* Release */ = {
			isa = XCBuildConfiguration;
			buildSettings = {
				ASSETCATALOG_COMPILER_APPICON_NAME = AppIcon;
				COMBINE_HIDPI_IMAGES = YES;
				INFOPLIST_FILE = AirVM/Info.plist;
				LD_RUNPATH_SEARCH_PATHS = "$(inherited) @executable_path/../Frameworks";
				MACOSX_DEPLOYMENT_TARGET = 10.11;
				PRODUCT_BUNDLE_IDENTIFIER = com.vmware.AirVM;
				PRODUCT_NAME = "$(TARGET_NAME)";
			};
			name = Release;
		};
		E8DC97A91D17E74200F37D55 /* Debug */ = {
			isa = XCBuildConfiguration;
			buildSettings = {
				BUNDLE_LOADER = "$(TEST_HOST)";
				COMBINE_HIDPI_IMAGES = YES;
				INFOPLIST_FILE = AirVMTests/Info.plist;
				LD_RUNPATH_SEARCH_PATHS = "$(inherited) @executable_path/../Frameworks @loader_path/../Frameworks";
				PRODUCT_BUNDLE_IDENTIFIER = com.vmware.AirVMTests;
				PRODUCT_NAME = "$(TARGET_NAME)";
				TEST_HOST = "$(BUILT_PRODUCTS_DIR)/AirVM.app/Contents/MacOS/AirVM";
			};
			name = Debug;
		};
		E8DC97AA1D17E74200F37D55 /* Release */ = {
			isa = XCBuildConfiguration;
			buildSettings = {
				BUNDLE_LOADER = "$(TEST_HOST)";
				COMBINE_HIDPI_IMAGES = YES;
				INFOPLIST_FILE = AirVMTests/Info.plist;
				LD_RUNPATH_SEARCH_PATHS = "$(inherited) @executable_path/../Frameworks @loader_path/../Frameworks";
				PRODUCT_BUNDLE_IDENTIFIER = com.vmware.AirVMTests;
				PRODUCT_NAME = "$(TARGET_NAME)";
				TEST_HOST = "$(BUILT_PRODUCTS_DIR)/AirVM.app/Contents/MacOS/AirVM";
			};
			name = Release;
		};
		E8DC97AC1D17E74200F37D55 /* Debug */ = {
			isa = XCBuildConfiguration;
			buildSettings = {
				COMBINE_HIDPI_IMAGES = YES;
				INFOPLIST_FILE = AirVMUITests/Info.plist;
				LD_RUNPATH_SEARCH_PATHS = "$(inherited) @executable_path/../Frameworks @loader_path/../Frameworks";
				PRODUCT_BUNDLE_IDENTIFIER = com.vmware.AirVMUITests;
				PRODUCT_NAME = "$(TARGET_NAME)";
				TEST_TARGET_NAME = AirVM;
			};
			name = Debug;
		};
		E8DC97AD1D17E74200F37D55 /* Release */ = {
			isa = XCBuildConfiguration;
			buildSettings = {
				COMBINE_HIDPI_IMAGES = YES;
				INFOPLIST_FILE = AirVMUITests/Info.plist;
				LD_RUNPATH_SEARCH_PATHS = "$(inherited) @executable_path/../Frameworks @loader_path/../Frameworks";
				PRODUCT_BUNDLE_IDENTIFIER = com.vmware.AirVMUITests;
				PRODUCT_NAME = "$(TARGET_NAME)";
				TEST_TARGET_NAME = AirVM;
			};
			name = Release;
		};
/* End XCBuildConfiguration section */

/* Begin XCConfigurationList section */
		E8DC97761D17E74200F37D55 /* Build configuration list for PBXProject "AirVM" */ = {
			isa = XCConfigurationList;
			buildConfigurations = (
				E8DC97A31D17E74200F37D55 /* Debug */,
				E8DC97A41D17E74200F37D55 /* Release */,
			);
			defaultConfigurationIsVisible = 0;
			defaultConfigurationName = Release;
		};
		E8DC97A51D17E74200F37D55 /* Build configuration list for PBXNativeTarget "AirVM" */ = {
			isa = XCConfigurationList;
			buildConfigurations = (
				E8DC97A61D17E74200F37D55 /* Debug */,
				E8DC97A71D17E74200F37D55 /* Release */,
			);
			defaultConfigurationIsVisible = 0;
			defaultConfigurationName = Release;
		};
		E8DC97A81D17E74200F37D55 /* Build configuration list for PBXNativeTarget "AirVMTests" */ = {
			isa = XCConfigurationList;
			buildConfigurations = (
				E8DC97A91D17E74200F37D55 /* Debug */,
				E8DC97AA1D17E74200F37D55 /* Release */,
			);
			defaultConfigurationIsVisible = 0;
			defaultConfigurationName = Release;
		};
		E8DC97AB1D17E74200F37D55 /* Build configuration list for PBXNativeTarget "AirVMUITests" */ = {
			isa = XCConfigurationList;
			buildConfigurations = (
				E8DC97AC1D17E74200F37D55 /* Debug */,
				E8DC97AD1D17E74200F37D55 /* Release */,
			);
			defaultConfigurationIsVisible = 0;
			defaultConfigurationName = Release;
		};
/* End XCConfigurationList section */
	};
	rootObject = E8DC97731D17E74200F37D55 /* Project object */;
}
